
Microsoft Visual Studio Solution File, Format Version 12.00
# Visual Studio 15
VisualStudioVersion = 15.0.28307.902
MinimumVisualStudioVersion = 10.0.40219.1
Project("{FAE04EC0-301F-11D3-BF4B-00C04F79EFBC}") = "EmailNotification", "EmailNotification\EmailNotification.csproj", "{32582699-CF0F-40B0-98D8-7297E2D83649}"
EndProject
Global
	GlobalSection(SolutionConfigurationPlatforms) = preSolution
		Debug|Any CPU = Debug|Any CPU
		Release|Any CPU = Release|Any CPU
	EndGlobalSection
	GlobalSection(ProjectConfigurationPlatforms) = postSolution
		{32582699-CF0F-40B0-98D8-7297E2D83649}.Debug|Any CPU.ActiveCfg = Debug|Any CPU
		{32582699-CF0F-40B0-98D8-7297E2D83649}.Debug|Any CPU.Build.0 = Debug|Any CPU
		{32582699-CF0F-40B0-98D8-7297E2D83649}.Release|Any CPU.ActiveCfg = Release|Any CPU
		{32582699-CF0F-40B0-98D8-7297E2D83649}.Release|Any CPU.Build.0 = Release|Any CPU
	EndGlobalSection
	GlobalSection(SolutionProperties) = preSolution
		HideSolutionNode = FALSE
	EndGlobalSection
	GlobalSection(ExtensibilityGlobals) = postSolution
		SolutionGuid = {AB167B8C-57E4-415F-8EAB-84AF6A147008}
	EndGlobalSection
EndGlobal
